// !$*UTF8*$!
{
	archiveVersion = 1;
	classes = {
	};
	objectVersion = 46;
	objects = {

/* Begin PBXBuildFile section */
		1547BC861CF38AED005331A9 /* AppDelegate.swift in Sources */ = {isa = PBXBuildFile; fileRef = 1547BC851CF38AED005331A9 /* AppDelegate.swift */; };
		1547BC881CF38AED005331A9 /* Document.swift in Sources */ = {isa = PBXBuildFile; fileRef = 1547BC871CF38AED005331A9 /* Document.swift */; };
		1547BC8B1CF38AED005331A9 /* Document.xib in Resources */ = {isa = PBXBuildFile; fileRef = 1547BC891CF38AED005331A9 /* Document.xib */; };
		1547BC8E1CF38AED005331A9 /* Document.xcdatamodeld in Sources */ = {isa = PBXBuildFile; fileRef = 1547BC8C1CF38AED005331A9 /* Document.xcdatamodeld */; };
		1547BC901CF38AED005331A9 /* Assets.xcassets in Resources */ = {isa = PBXBuildFile; fileRef = 1547BC8F1CF38AED005331A9 /* Assets.xcassets */; };
		1547BC931CF38AED005331A9 /* MainMenu.xib in Resources */ = {isa = PBXBuildFile; fileRef = 1547BC911CF38AED005331A9 /* MainMenu.xib */; };
/* End PBXBuildFile section */

/* Begin PBXFileReference section */
		1547BC821CF38AED005331A9 /* CarLot.app */ = {isa = PBXFileReference; explicitFileType = wrapper.application; includeInIndex = 0; path = CarLot.app; sourceTree = BUILT_PRODUCTS_DIR; };
		1547BC851CF38AED005331A9 /* AppDelegate.swift */ = {isa = PBXFileReference; lastKnownFileType = sourcecode.swift; path = AppDelegate.swift; sourceTree = "<group>"; };
		1547BC871CF38AED005331A9 /* Document.swift */ = {isa = PBXFileReference; lastKnownFileType = sourcecode.swift; path = Document.swift; sourceTree = "<group>"; };
		1547BC8A1CF38AED005331A9 /* Base */ = {isa = PBXFileReference; lastKnownFileType = file.xib; name = Base; path = Base.lproj/Document.xib; sourceTree = "<group>"; };
		1547BC8D1CF38AED005331A9 /* Document.xcdatamodel */ = {isa = PBXFileReference; lastKnownFileType = wrapper.xcdatamodel; path = Document.xcdatamodel; sourceTree = "<group>"; };
		1547BC8F1CF38AED005331A9 /* Assets.xcassets */ = {isa = PBXFileReference; lastKnownFileType = folder.assetcatalog; path = Assets.xcassets; sourceTree = "<group>"; };
		1547BC921CF38AED005331A9 /* Base */ = {isa = PBXFileReference; lastKnownFileType = file.xib; name = Base; path = Base.lproj/MainMenu.xib; sourceTree = "<group>"; };
		1547BC941CF38AED005331A9 /* Info.plist */ = {isa = PBXFileReference; lastKnownFileType = text.plist.xml; path = Info.plist; sourceTree = "<group>"; };
/* End PBXFileReference section */

/* Begin PBXFrameworksBuildPhase section */
		1547BC7F1CF38AED005331A9 /* Frameworks */ = {
			isa = PBXFrameworksBuildPhase;
			buildActionMask = 2147483647;
			files = (
			);
			runOnlyForDeploymentPostprocessing = 0;
		};
/* End PBXFrameworksBuildPhase section */

/* Begin PBXGroup section */
		1547BC791CF38AED005331A9 = {
			isa = PBXGroup;
			children = (
				1547BC841CF38AED005331A9 /* CarLot */,
				1547BC831CF38AED005331A9 /* Products */,
			);
			sourceTree = "<group>";
		};
		1547BC831CF38AED005331A9 /* Products */ = {
			isa = PBXGroup;
			children = (
				1547BC821CF38AED005331A9 /* CarLot.app */,
			);
			name = Products;
			sourceTree = "<group>";
		};
		1547BC841CF38AED005331A9 /* CarLot */ = {
			isa = PBXGroup;
			children = (
				1547BC851CF38AED005331A9 /* AppDelegate.swift */,
				1547BC871CF38AED005331A9 /* Document.swift */,
				1547BC891CF38AED005331A9 /* Document.xib */,
				1547BC8F1CF38AED005331A9 /* Assets.xcassets */,
				1547BC911CF38AED005331A9 /* MainMenu.xib */,
				1547BC941CF38AED005331A9 /* Info.plist */,
				1547BC8C1CF38AED005331A9 /* Document.xcdatamodeld */,
			);
			path = CarLot;
			sourceTree = "<group>";
		};
/* End PBXGroup section */

/* Begin PBXNativeTarget section */
		1547BC811CF38AED005331A9 /* CarLot */ = {
			isa = PBXNativeTarget;
			buildConfigurationList = 1547BC971CF38AED005331A9 /* Build configuration list for PBXNativeTarget "CarLot" */;
			buildPhases = (
				1547BC7E1CF38AED005331A9 /* Sources */,
				1547BC7F1CF38AED005331A9 /* Frameworks */,
				1547BC801CF38AED005331A9 /* Resources */,
			);
			buildRules = (
			);
			dependencies = (
			);
			name = CarLot;
			productName = CarLot;
			productReference = 1547BC821CF38AED005331A9 /* CarLot.app */;
			productType = "com.apple.product-type.application";
		};
/* End PBXNativeTarget section */

/* Begin PBXProject section */
		1547BC7A1CF38AED005331A9 /* Project object */ = {
			isa = PBXProject;
			attributes = {
				LastSwiftUpdateCheck = 0720;
				LastUpgradeCheck = 0720;
				ORGANIZATIONNAME = "Randall Mardus";
				TargetAttributes = {
					1547BC811CF38AED005331A9 = {
						CreatedOnToolsVersion = 7.2.1;
					};
				};
			};
			buildConfigurationList = 1547BC7D1CF38AED005331A9 /* Build configuration list for PBXProject "CarLot" */;
			compatibilityVersion = "Xcode 3.2";
			developmentRegion = English;
			hasScannedForEncodings = 0;
			knownRegions = (
				en,
				Base,
			);
			mainGroup = 1547BC791CF38AED005331A9;
			productRefGroup = 1547BC831CF38AED005331A9 /* Products */;
			projectDirPath = "";
			projectRoot = "";
			targets = (
				1547BC811CF38AED005331A9 /* CarLot */,
			);
		};
/* End PBXProject section */

/* Begin PBXResourcesBuildPhase section */
		1547BC801CF38AED005331A9 /* Resources */ = {
			isa = PBXResourcesBuildPhase;
			buildActionMask = 2147483647;
			files = (
				1547BC901CF38AED005331A9 /* Assets.xcassets in Resources */,
				1547BC8B1CF38AED005331A9 /* Document.xib in Resources */,
				1547BC931CF38AED005331A9 /* MainMenu.xib in Resources */,
			);
			runOnlyForDeploymentPostprocessing = 0;
		};
/* End PBXResourcesBuildPhase section */

/* Begin PBXSourcesBuildPhase section */
		1547BC7E1CF38AED005331A9 /* Sources */ = {
			isa = PBXSourcesBuildPhase;
			buildActionMask = 2147483647;
			files = (
				1547BC8E1CF38AED005331A9 /* Document.xcdatamodeld in Sources */,
				1547BC881CF38AED005331A9 /* Document.swift in Sources */,
				1547BC861CF38AED005331A9 /* AppDelegate.swift in Sources */,
			);
			runOnlyForDeploymentPostprocessing = 0;
		};
/* End PBXSourcesBuildPhase section */

/* Begin PBXVariantGroup section */
		1547BC891CF38AED005331A9 /* Document.xib */ = {
			isa = PBXVariantGroup;
			children = (
				1547BC8A1CF38AED005331A9 /* Base */,
			);
			name = Document.xib;
			sourceTree = "<group>";
		};
		1547BC911CF38AED005331A9 /* MainMenu.xib */ = {
			isa = PBXVariantGroup;
			children = (
				1547BC921CF38AED005331A9 /* Base */,
			);
			name = MainMenu.xib;
			sourceTree = "<group>";
		};
/* End PBXVariantGroup section */

/* Begin XCBuildConfiguration section */
		1547BC951CF38AED005331A9 /* Debug */ = {
			isa = XCBuildConfiguration;
			buildSettings = {
				ALWAYS_SEARCH_USER_PATHS = NO;
				CLANG_CXX_LANGUAGE_STANDARD = "gnu++0x";
				CLANG_CXX_LIBRARY = "libc++";
				CLANG_ENABLE_MODULES = YES;
				CLANG_ENABLE_OBJC_ARC = YES;
				CLANG_WARN_BOOL_CONVERSION = YES;
				CLANG_WARN_CONSTANT_CONVERSION = YES;
				CLANG_WARN_DIRECT_OBJC_ISA_USAGE = YES_ERROR;
				CLANG_WARN_EMPTY_BODY = YES;
				CLANG_WARN_ENUM_CONVERSION = YES;
				CLANG_WARN_INT_CONVERSION = YES;
				CLANG_WARN_OBJC_ROOT_CLASS = YES_ERROR;
				CLANG_WARN_UNREACHABLE_CODE = YES;
				CLANG_WARN__DUPLICATE_METHOD_MATCH = YES;
				CODE_SIGN_IDENTITY = "-";
				COPY_PHASE_STRIP = NO;
				DEBUG_INFORMATION_FORMAT = dwarf;
				ENABLE_STRICT_OBJC_MSGSEND = YES;
				ENABLE_TESTABILITY = YES;
				GCC_C_LANGUAGE_STANDARD = gnu99;
				GCC_DYNAMIC_NO_PIC = NO;
				GCC_NO_COMMON_BLOCKS = YES;
				GCC_OPTIMIZATION_LEVEL = 0;
				GCC_PREPROCESSOR_DEFINITIONS = (
					"DEBUG=1",
					"$(inherited)",
				);
				GCC_WARN_64_TO_32_BIT_CONVERSION = YES;
				GCC_WARN_ABOUT_RETURN_TYPE = YES_ERROR;
				GCC_WARN_UNDECLARED_SELECTOR = YES;
				GCC_WARN_UNINITIALIZED_AUTOS = YES_AGGRESSIVE;
				GCC_WARN_UNUSED_FUNCTION = YES;
				GCC_WARN_UNUSED_VARIABLE = YES;
				MACOSX_DEPLOYMENT_TARGET = 10.10;
				MTL_ENABLE_DEBUG_INFO = YES;
				ONLY_ACTIVE_ARCH = YES;
				SDKROOT = macosx;
				SWIFT_OPTIMIZATION_LEVEL = "-Onone";
			};
			name = Debug;
		};
		1547BC961CF38AED005331A9 /* Release */ = {
			isa = XCBuildConfiguration;
			buildSettings = {
				ALWAYS_SEARCH_USER_PATHS = NO;
				CLANG_CXX_LANGUAGE_STANDARD = "gnu++0x";
				CLANG_CXX_LIBRARY = "libc++";
				CLANG_ENABLE_MODULES = YES;
				CLANG_ENABLE_OBJC_ARC = YES;
				CLANG_WARN_BOOL_CONVERSION = YES;
				CLANG_WARN_CONSTANT_CONVERSION = YES;
				CLANG_WARN_DIRECT_OBJC_ISA_USAGE = YES_ERROR;
				CLANG_WARN_EMPTY_BODY = YES;
				CLANG_WARN_ENUM_CONVERSION = YES;
				CLANG_WARN_INT_CONVERSION = YES;
				CLANG_WARN_OBJC_ROOT_CLASS = YES_ERROR;
				CLANG_WARN_UNREACHABLE_CODE = YES;
				CLANG_WARN__DUPLICATE_METHOD_MATCH = YES;
				CODE_SIGN_IDENTITY = "-";
				COPY_PHASE_STRIP = NO;
				DEBUG_INFORMATION_FORMAT = "dwarf-with-dsym";
				ENABLE_NS_ASSERTIONS = NO;
				ENABLE_STRICT_OBJC_MSGSEND = YES;
				GCC_C_LANGUAGE_STANDARD = gnu99;
				GCC_NO_COMMON_BLOCKS = YES;
				GCC_WARN_64_TO_32_BIT_CONVERSION = YES;
				GCC_WARN_ABOUT_RETURN_TYPE = YES_ERROR;
				GCC_WARN_UNDECLARED_SELECTOR = YES;
				GCC_WARN_UNINITIALIZED_AUTOS = YES_AGGRESSIVE;
				GCC_WARN_UNUSED_FUNCTION = YES;
				GCC_WARN_UNUSED_VARIABLE = YES;
				MACOSX_DEPLOYMENT_TARGET = 10.10;
				MTL_ENABLE_DEBUG_INFO = NO;
				SDKROOT = macosx;
			};
			name = Release;
		};
		1547BC981CF38AED005331A9 /* Debug */ = {
			isa = XCBuildConfiguration;
			buildSettings = {
				ASSETCATALOG_COMPILER_APPICON_NAME = AppIcon;
				COMBINE_HIDPI_IMAGES = YES;
				INFOPLIST_FILE = CarLot/Info.plist;
				LD_RUNPATH_SEARCH_PATHS = "$(inherited) @executable_path/../Frameworks";
				PRODUCT_BUNDLE_IDENTIFIER = self.edu.CarLot;
				PRODUCT_NAME = "$(TARGET_NAME)";
			};
			name = Debug;
		};
		1547BC991CF38AED005331A9 /* Release */ = {
			isa = XCBuildConfiguration;
			buildSettings = {
				ASSETCATALOG_COMPILER_APPICON_NAME = AppIcon;
				COMBINE_HIDPI_IMAGES = YES;
				INFOPLIST_FILE = CarLot/Info.plist;
				LD_RUNPATH_SEARCH_PATHS = "$(inherited) @executable_path/../Frameworks";
				PRODUCT_BUNDLE_IDENTIFIER = self.edu.CarLot;
				PRODUCT_NAME = "$(TARGET_NAME)";
			};
			name = Release;
		};
/* End XCBuildConfiguration section */

/* Begin XCConfigurationList section */
		1547BC7D1CF38AED005331A9 /* Build configuration list for PBXProject "CarLot" */ = {
			isa = XCConfigurationList;
			buildConfigurations = (
				1547BC951CF38AED005331A9 /* Debug */,
				1547BC961CF38AED005331A9 /* Release */,
			);
			defaultConfigurationIsVisible = 0;
			defaultConfigurationName = Release;
		};
		1547BC971CF38AED005331A9 /* Build configuration list for PBXNativeTarget "CarLot" */ = {
			isa = XCConfigurationList;
			buildConfigurations = (
				1547BC981CF38AED005331A9 /* Debug */,
				1547BC991CF38AED005331A9 /* Release */,
			);
			defaultConfigurationIsVisible = 0;
		};
/* End XCConfigurationList section */

/* Begin XCVersionGroup section */
		1547BC8C1CF38AED005331A9 /* Document.xcdatamodeld */ = {
			isa = XCVersionGroup;
			children = (
				1547BC8D1CF38AED005331A9 /* Document.xcdatamodel */,
			);
			currentVersion = 1547BC8D1CF38AED005331A9 /* Document.xcdatamodel */;
			path = Document.xcdatamodeld;
			sourceTree = "<group>";
			versionGroupType = wrapper.xcdatamodel;
		};
/* End XCVersionGroup section */
	};
	rootObject = 1547BC7A1CF38AED005331A9 /* Project object */;
}
